// !$*UTF8*$!
{
	archiveVersion = 1;
	classes = {
	};
	objectVersion = 48;
	objects = {

/* Begin PBXBuildFile section */
		446D791EB1B340A7419C2729 /* Pods_File_Browser.framework in Frameworks */ = {isa = PBXBuildFile; fileRef = A385834FB6FC18E35534868F /* Pods_File_Browser.framework */; };
		5170E3C7201135F000023444 /* FBAPIBuilder+FBFileService.m in Sources */ = {isa = PBXBuildFile; fileRef = 5170E3C6201135F000023444 /* FBAPIBuilder+FBFileService.m */; };
		5170E3CA20113F4300023444 /* FBAPIParser+FBFileService.m in Sources */ = {isa = PBXBuildFile; fileRef = 5170E3C920113F4300023444 /* FBAPIParser+FBFileService.m */; };
		5170E3CE20113F7800023444 /* FBFile.m in Sources */ = {isa = PBXBuildFile; fileRef = 5170E3CD20113F7800023444 /* FBFile.m */; };
		5170E3D12011433200023444 /* FBAPIClient+FBFileService.m in Sources */ = {isa = PBXBuildFile; fileRef = 5170E3D02011433200023444 /* FBAPIClient+FBFileService.m */; };
		5170E3D42011452C00023444 /* FBPrefetchFilesMiddleware.m in Sources */ = {isa = PBXBuildFile; fileRef = 5170E3D32011452C00023444 /* FBPrefetchFilesMiddleware.m */; };
		5170E3D92011489100023444 /* FBFetchFilesAction.m in Sources */ = {isa = PBXBuildFile; fileRef = 5170E3D82011489100023444 /* FBFetchFilesAction.m */; };
		5170E3DC20114B7D00023444 /* FBFilesState.m in Sources */ = {isa = PBXBuildFile; fileRef = 5170E3DB20114B7D00023444 /* FBFilesState.m */; };
		5170E3E42011552B00023444 /* FBViewController.m in Sources */ = {isa = PBXBuildFile; fileRef = 5170E3E32011552B00023444 /* FBViewController.m */; };
		5170E3E720115A7900023444 /* FBFileReducer.m in Sources */ = {isa = PBXBuildFile; fileRef = 5170E3E620115A7900023444 /* FBFileReducer.m */; };
		51EE76B0200F7EBF0080D02B /* AppDelegate.m in Sources */ = {isa = PBXBuildFile; fileRef = 51EE76AF200F7EBF0080D02B /* AppDelegate.m */; };
		51EE76B5200F7EBF0080D02B /* Assets.xcassets in Resources */ = {isa = PBXBuildFile; fileRef = 51EE76B4200F7EBF0080D02B /* Assets.xcassets */; };
		51EE76B8200F7EBF0080D02B /* Main.storyboard in Resources */ = {isa = PBXBuildFile; fileRef = 51EE76B6200F7EBF0080D02B /* Main.storyboard */; };
		51EE76BB200F7EBF0080D02B /* main.m in Sources */ = {isa = PBXBuildFile; fileRef = 51EE76BA200F7EBF0080D02B /* main.m */; };
		51EE76D3200F7FCF0080D02B /* RxStore.m in Sources */ = {isa = PBXBuildFile; fileRef = 51EE76CE200F7FCF0080D02B /* RxStore.m */; };
		51EE76DB200F869E0080D02B /* FBLogger.m in Sources */ = {isa = PBXBuildFile; fileRef = 51EE76DA200F869E0080D02B /* FBLogger.m */; };
		51EE76DF200F888A0080D02B /* FBAuthorizationState.m in Sources */ = {isa = PBXBuildFile; fileRef = 51EE76DE200F888A0080D02B /* FBAuthorizationState.m */; };
		51EE76E3200F89910080D02B /* FBAppState.m in Sources */ = {isa = PBXBuildFile; fileRef = 51EE76E2200F89910080D02B /* FBAppState.m */; };
		51EE76E7200F93080080D02B /* FBAuthorizationReducer.m in Sources */ = {isa = PBXBuildFile; fileRef = 51EE76E6200F93080080D02B /* FBAuthorizationReducer.m */; };
		51EE76EA200F93970080D02B /* NSObject+Cast.m in Sources */ = {isa = PBXBuildFile; fileRef = 51EE76E9200F93970080D02B /* NSObject+Cast.m */; };
		51EE76EF200F98B70080D02B /* FBSignInAction.m in Sources */ = {isa = PBXBuildFile; fileRef = 51EE76EE200F98B70080D02B /* FBSignInAction.m */; };
		51EE76F8200FBCF70080D02B /* FBSignoutAction.m in Sources */ = {isa = PBXBuildFile; fileRef = 51EE76F7200FBCF70080D02B /* FBSignoutAction.m */; };
		51EE76FB200FBDBC0080D02B /* FBAPIClient.m in Sources */ = {isa = PBXBuildFile; fileRef = 51EE76FA200FBDBC0080D02B /* FBAPIClient.m */; };
		51EE7700200FCC950080D02B /* FBAPICliendResult.m in Sources */ = {isa = PBXBuildFile; fileRef = 51EE76FF200FCC950080D02B /* FBAPICliendResult.m */; };
		51EE7703200FCF270080D02B /* NSArray+Redux.m in Sources */ = {isa = PBXBuildFile; fileRef = 51EE7702200FCF260080D02B /* NSArray+Redux.m */; };
		51EE7706200FD04E0080D02B /* NSError+FBAPIClient.m in Sources */ = {isa = PBXBuildFile; fileRef = 51EE7705200FD04E0080D02B /* NSError+FBAPIClient.m */; };
		51EE770A200FD0CB0080D02B /* FBAPIBuilder.m in Sources */ = {isa = PBXBuildFile; fileRef = 51EE7709200FD0CB0080D02B /* FBAPIBuilder.m */; };
		51EE770D200FD1D10080D02B /* FBAPIParser.m in Sources */ = {isa = PBXBuildFile; fileRef = 51EE770C200FD1D10080D02B /* FBAPIParser.m */; };
		51EE7711200FD32C0080D02B /* FBAPIClient+FBAuthService.m in Sources */ = {isa = PBXBuildFile; fileRef = 51EE7710200FD32C0080D02B /* FBAPIClient+FBAuthService.m */; };
		51EE7716200FDBD00080D02B /* FBAppReducer.m in Sources */ = {isa = PBXBuildFile; fileRef = 51EE7715200FDBD00080D02B /* FBAppReducer.m */; };
		51EE7719200FE2F00080D02B /* FBAPIParser+FBAuthService.m in Sources */ = {isa = PBXBuildFile; fileRef = 51EE7718200FE2F00080D02B /* FBAPIParser+FBAuthService.m */; };
		51EE771C200FE39A0080D02B /* FBAPIBuilder+FBAuthService.m in Sources */ = {isa = PBXBuildFile; fileRef = 51EE771B200FE39A0080D02B /* FBAPIBuilder+FBAuthService.m */; };
		51EE771F201001670080D02B /* FBSignInResult.m in Sources */ = {isa = PBXBuildFile; fileRef = 51EE771E201001670080D02B /* FBSignInResult.m */; };
		51F9079020152400003B0A05 /* FBUpdateFilesAction.m in Sources */ = {isa = PBXBuildFile; fileRef = 51F9078F20152400003B0A05 /* FBUpdateFilesAction.m */; };
		51F90793201541D4003B0A05 /* FBUploadFileAction.m in Sources */ = {isa = PBXBuildFile; fileRef = 51F90792201541D4003B0A05 /* FBUploadFileAction.m */; };
		51F90797201547F9003B0A05 /* NSImage+JPEGRepresentation.m in Sources */ = {isa = PBXBuildFile; fileRef = 51F90796201547F9003B0A05 /* NSImage+JPEGRepresentation.m */; };
		51F9079A2015540E003B0A05 /* NSData+FBMultipart.m in Sources */ = {isa = PBXBuildFile; fileRef = 51F907992015540E003B0A05 /* NSData+FBMultipart.m */; };
/* End PBXBuildFile section */

/* Begin PBXFileReference section */
		002CDF48ED86BA5D30B78F2F /* Pods-File Browser.debug.xcconfig */ = {isa = PBXFileReference; includeInIndex = 1; lastKnownFileType = text.xcconfig; name = "Pods-File Browser.debug.xcconfig"; path = "Pods/Target Support Files/Pods-File Browser/Pods-File Browser.debug.xcconfig"; sourceTree = "<group>"; };
		4D4569038E60564840542123 /* Pods-File Browser.release.xcconfig */ = {isa = PBXFileReference; includeInIndex = 1; lastKnownFileType = text.xcconfig; name = "Pods-File Browser.release.xcconfig"; path = "Pods/Target Support Files/Pods-File Browser/Pods-File Browser.release.xcconfig"; sourceTree = "<group>"; };
		5170E3C5201135F000023444 /* FBAPIBuilder+FBFileService.h */ = {isa = PBXFileReference; lastKnownFileType = sourcecode.c.h; path = "FBAPIBuilder+FBFileService.h"; sourceTree = "<group>"; };
		5170E3C6201135F000023444 /* FBAPIBuilder+FBFileService.m */ = {isa = PBXFileReference; lastKnownFileType = sourcecode.c.objc; path = "FBAPIBuilder+FBFileService.m"; sourceTree = "<group>"; };
		5170E3C820113F4300023444 /* FBAPIParser+FBFileService.h */ = {isa = PBXFileReference; lastKnownFileType = sourcecode.c.h; path = "FBAPIParser+FBFileService.h"; sourceTree = "<group>"; };
		5170E3C920113F4300023444 /* FBAPIParser+FBFileService.m */ = {isa = PBXFileReference; lastKnownFileType = sourcecode.c.objc; path = "FBAPIParser+FBFileService.m"; sourceTree = "<group>"; };
		5170E3CC20113F7800023444 /* FBFile.h */ = {isa = PBXFileReference; lastKnownFileType = sourcecode.c.h; path = FBFile.h; sourceTree = "<group>"; };
		5170E3CD20113F7800023444 /* FBFile.m */ = {isa = PBXFileReference; lastKnownFileType = sourcecode.c.objc; path = FBFile.m; sourceTree = "<group>"; };
		5170E3CF2011433200023444 /* FBAPIClient+FBFileService.h */ = {isa = PBXFileReference; lastKnownFileType = sourcecode.c.h; path = "FBAPIClient+FBFileService.h"; sourceTree = "<group>"; };
		5170E3D02011433200023444 /* FBAPIClient+FBFileService.m */ = {isa = PBXFileReference; lastKnownFileType = sourcecode.c.objc; path = "FBAPIClient+FBFileService.m"; sourceTree = "<group>"; };
		5170E3D22011452C00023444 /* FBPrefetchFilesMiddleware.h */ = {isa = PBXFileReference; lastKnownFileType = sourcecode.c.h; path = FBPrefetchFilesMiddleware.h; sourceTree = "<group>"; };
		5170E3D32011452C00023444 /* FBPrefetchFilesMiddleware.m */ = {isa = PBXFileReference; lastKnownFileType = sourcecode.c.objc; path = FBPrefetchFilesMiddleware.m; sourceTree = "<group>"; };
		5170E3D72011489100023444 /* FBFetchFilesAction.h */ = {isa = PBXFileReference; lastKnownFileType = sourcecode.c.h; path = FBFetchFilesAction.h; sourceTree = "<group>"; };
		5170E3D82011489100023444 /* FBFetchFilesAction.m */ = {isa = PBXFileReference; lastKnownFileType = sourcecode.c.objc; path = FBFetchFilesAction.m; sourceTree = "<group>"; };
		5170E3DA20114B7D00023444 /* FBFilesState.h */ = {isa = PBXFileReference; lastKnownFileType = sourcecode.c.h; path = FBFilesState.h; sourceTree = "<group>"; };
		5170E3DB20114B7D00023444 /* FBFilesState.m */ = {isa = PBXFileReference; lastKnownFileType = sourcecode.c.objc; path = FBFilesState.m; sourceTree = "<group>"; };
		5170E3E22011552B00023444 /* FBViewController.h */ = {isa = PBXFileReference; lastKnownFileType = sourcecode.c.h; path = FBViewController.h; sourceTree = "<group>"; };
		5170E3E32011552B00023444 /* FBViewController.m */ = {isa = PBXFileReference; lastKnownFileType = sourcecode.c.objc; path = FBViewController.m; sourceTree = "<group>"; };
		5170E3E520115A7900023444 /* FBFileReducer.h */ = {isa = PBXFileReference; lastKnownFileType = sourcecode.c.h; path = FBFileReducer.h; sourceTree = "<group>"; };
		5170E3E620115A7900023444 /* FBFileReducer.m */ = {isa = PBXFileReference; lastKnownFileType = sourcecode.c.objc; path = FBFileReducer.m; sourceTree = "<group>"; };
		51EE76AB200F7EBF0080D02B /* File Browser.app */ = {isa = PBXFileReference; explicitFileType = wrapper.application; includeInIndex = 0; path = "File Browser.app"; sourceTree = BUILT_PRODUCTS_DIR; };
		51EE76AE200F7EBF0080D02B /* AppDelegate.h */ = {isa = PBXFileReference; lastKnownFileType = sourcecode.c.h; path = AppDelegate.h; sourceTree = "<group>"; };
		51EE76AF200F7EBF0080D02B /* AppDelegate.m */ = {isa = PBXFileReference; lastKnownFileType = sourcecode.c.objc; path = AppDelegate.m; sourceTree = "<group>"; };
		51EE76B4200F7EBF0080D02B /* Assets.xcassets */ = {isa = PBXFileReference; lastKnownFileType = folder.assetcatalog; path = Assets.xcassets; sourceTree = "<group>"; };
		51EE76B7200F7EBF0080D02B /* Base */ = {isa = PBXFileReference; lastKnownFileType = file.storyboard; name = Base; path = Base.lproj/Main.storyboard; sourceTree = "<group>"; };
		51EE76B9200F7EBF0080D02B /* Info.plist */ = {isa = PBXFileReference; lastKnownFileType = text.plist.xml; path = Info.plist; sourceTree = "<group>"; };
		51EE76BA200F7EBF0080D02B /* main.m */ = {isa = PBXFileReference; lastKnownFileType = sourcecode.c.objc; path = main.m; sourceTree = "<group>"; };
		51EE76BC200F7EBF0080D02B /* File_Browser.entitlements */ = {isa = PBXFileReference; lastKnownFileType = text.plist.entitlements; path = File_Browser.entitlements; sourceTree = "<group>"; };
		51EE76C6200F7FCE0080D02B /* RxMiddleware.h */ = {isa = PBXFileReference; fileEncoding = 4; lastKnownFileType = sourcecode.c.h; path = RxMiddleware.h; sourceTree = "<group>"; };
		51EE76C7200F7FCE0080D02B /* RxState.h */ = {isa = PBXFileReference; fileEncoding = 4; lastKnownFileType = sourcecode.c.h; path = RxState.h; sourceTree = "<group>"; };
		51EE76C8200F7FCE0080D02B /* RxAction.h */ = {isa = PBXFileReference; fileEncoding = 4; lastKnownFileType = sourcecode.c.h; path = RxAction.h; sourceTree = "<group>"; };
		51EE76CB200F7FCF0080D02B /* Redux.h */ = {isa = PBXFileReference; fileEncoding = 4; lastKnownFileType = sourcecode.c.h; path = Redux.h; sourceTree = "<group>"; };
		51EE76CC200F7FCF0080D02B /* RxReducer.h */ = {isa = PBXFileReference; fileEncoding = 4; lastKnownFileType = sourcecode.c.h; path = RxReducer.h; sourceTree = "<group>"; };
		51EE76CD200F7FCF0080D02B /* RxStore.h */ = {isa = PBXFileReference; fileEncoding = 4; lastKnownFileType = sourcecode.c.h; path = RxStore.h; sourceTree = "<group>"; };
		51EE76CE200F7FCF0080D02B /* RxStore.m */ = {isa = PBXFileReference; fileEncoding = 4; lastKnownFileType = sourcecode.c.objc; path = RxStore.m; sourceTree = "<group>"; };
		51EE76CF200F7FCF0080D02B /* RxSubscriber.h */ = {isa = PBXFileReference; fileEncoding = 4; lastKnownFileType = sourcecode.c.h; path = RxSubscriber.h; sourceTree = "<group>"; };
		51EE76D5200F808B0080D02B /* FileBrowser.pch */ = {isa = PBXFileReference; lastKnownFileType = sourcecode.c.h; path = FileBrowser.pch; sourceTree = "<group>"; };
		51EE76D6200F81E20080D02B /* Macros.h */ = {isa = PBXFileReference; lastKnownFileType = sourcecode.c.h; path = Macros.h; sourceTree = "<group>"; };
		51EE76D9200F869E0080D02B /* FBLogger.h */ = {isa = PBXFileReference; lastKnownFileType = sourcecode.c.h; path = FBLogger.h; sourceTree = "<group>"; };
		51EE76DA200F869E0080D02B /* FBLogger.m */ = {isa = PBXFileReference; lastKnownFileType = sourcecode.c.objc; path = FBLogger.m; sourceTree = "<group>"; };
		51EE76DD200F888A0080D02B /* FBAuthorizationState.h */ = {isa = PBXFileReference; lastKnownFileType = sourcecode.c.h; path = FBAuthorizationState.h; sourceTree = "<group>"; };
		51EE76DE200F888A0080D02B /* FBAuthorizationState.m */ = {isa = PBXFileReference; lastKnownFileType = sourcecode.c.objc; path = FBAuthorizationState.m; sourceTree = "<group>"; };
		51EE76E0200F89190080D02B /* FBSyntaxShugar.h */ = {isa = PBXFileReference; lastKnownFileType = sourcecode.c.h; path = FBSyntaxShugar.h; sourceTree = "<group>"; };
		51EE76E1200F89910080D02B /* FBAppState.h */ = {isa = PBXFileReference; lastKnownFileType = sourcecode.c.h; path = FBAppState.h; sourceTree = "<group>"; };
		51EE76E2200F89910080D02B /* FBAppState.m */ = {isa = PBXFileReference; lastKnownFileType = sourcecode.c.objc; path = FBAppState.m; sourceTree = "<group>"; };
		51EE76E5200F93080080D02B /* FBAuthorizationReducer.h */ = {isa = PBXFileReference; lastKnownFileType = sourcecode.c.h; path = FBAuthorizationReducer.h; sourceTree = "<group>"; };
		51EE76E6200F93080080D02B /* FBAuthorizationReducer.m */ = {isa = PBXFileReference; lastKnownFileType = sourcecode.c.objc; path = FBAuthorizationReducer.m; sourceTree = "<group>"; };
		51EE76E8200F93970080D02B /* NSObject+Cast.h */ = {isa = PBXFileReference; lastKnownFileType = sourcecode.c.h; path = "NSObject+Cast.h"; sourceTree = "<group>"; };
		51EE76E9200F93970080D02B /* NSObject+Cast.m */ = {isa = PBXFileReference; lastKnownFileType = sourcecode.c.objc; path = "NSObject+Cast.m"; sourceTree = "<group>"; };
		51EE76ED200F98B70080D02B /* FBSignInAction.h */ = {isa = PBXFileReference; lastKnownFileType = sourcecode.c.h; path = FBSignInAction.h; sourceTree = "<group>"; };
		51EE76EE200F98B70080D02B /* FBSignInAction.m */ = {isa = PBXFileReference; lastKnownFileType = sourcecode.c.objc; path = FBSignInAction.m; sourceTree = "<group>"; };
		51EE76F6200FBCF70080D02B /* FBSignoutAction.h */ = {isa = PBXFileReference; lastKnownFileType = sourcecode.c.h; path = FBSignoutAction.h; sourceTree = "<group>"; };
		51EE76F7200FBCF70080D02B /* FBSignoutAction.m */ = {isa = PBXFileReference; lastKnownFileType = sourcecode.c.objc; path = FBSignoutAction.m; sourceTree = "<group>"; };
		51EE76F9200FBDBC0080D02B /* FBAPIClient.h */ = {isa = PBXFileReference; lastKnownFileType = sourcecode.c.h; path = FBAPIClient.h; sourceTree = "<group>"; };
		51EE76FA200FBDBC0080D02B /* FBAPIClient.m */ = {isa = PBXFileReference; lastKnownFileType = sourcecode.c.objc; path = FBAPIClient.m; sourceTree = "<group>"; };
		51EE76FE200FCC950080D02B /* FBAPICliendResult.h */ = {isa = PBXFileReference; lastKnownFileType = sourcecode.c.h; path = FBAPICliendResult.h; sourceTree = "<group>"; };
		51EE76FF200FCC950080D02B /* FBAPICliendResult.m */ = {isa = PBXFileReference; lastKnownFileType = sourcecode.c.objc; path = FBAPICliendResult.m; sourceTree = "<group>"; };
		51EE7701200FCF260080D02B /* NSArray+Redux.h */ = {isa = PBXFileReference; fileEncoding = 4; lastKnownFileType = sourcecode.c.h; path = "NSArray+Redux.h"; sourceTree = "<group>"; };
		51EE7702200FCF260080D02B /* NSArray+Redux.m */ = {isa = PBXFileReference; fileEncoding = 4; lastKnownFileType = sourcecode.c.objc; path = "NSArray+Redux.m"; sourceTree = "<group>"; };
		51EE7704200FD04E0080D02B /* NSError+FBAPIClient.h */ = {isa = PBXFileReference; lastKnownFileType = sourcecode.c.h; path = "NSError+FBAPIClient.h"; sourceTree = "<group>"; };
		51EE7705200FD04E0080D02B /* NSError+FBAPIClient.m */ = {isa = PBXFileReference; lastKnownFileType = sourcecode.c.objc; path = "NSError+FBAPIClient.m"; sourceTree = "<group>"; };
		51EE7708200FD0CB0080D02B /* FBAPIBuilder.h */ = {isa = PBXFileReference; lastKnownFileType = sourcecode.c.h; path = FBAPIBuilder.h; sourceTree = "<group>"; };
		51EE7709200FD0CB0080D02B /* FBAPIBuilder.m */ = {isa = PBXFileReference; lastKnownFileType = sourcecode.c.objc; path = FBAPIBuilder.m; sourceTree = "<group>"; };
		51EE770B200FD1D10080D02B /* FBAPIParser.h */ = {isa = PBXFileReference; lastKnownFileType = sourcecode.c.h; path = FBAPIParser.h; sourceTree = "<group>"; };
		51EE770C200FD1D10080D02B /* FBAPIParser.m */ = {isa = PBXFileReference; lastKnownFileType = sourcecode.c.objc; path = FBAPIParser.m; sourceTree = "<group>"; };
		51EE770F200FD32C0080D02B /* FBAPIClient+FBAuthService.h */ = {isa = PBXFileReference; lastKnownFileType = sourcecode.c.h; path = "FBAPIClient+FBAuthService.h"; sourceTree = "<group>"; };
		51EE7710200FD32C0080D02B /* FBAPIClient+FBAuthService.m */ = {isa = PBXFileReference; lastKnownFileType = sourcecode.c.objc; path = "FBAPIClient+FBAuthService.m"; sourceTree = "<group>"; };
		51EE7714200FDBD00080D02B /* FBAppReducer.h */ = {isa = PBXFileReference; lastKnownFileType = sourcecode.c.h; path = FBAppReducer.h; sourceTree = "<group>"; };
		51EE7715200FDBD00080D02B /* FBAppReducer.m */ = {isa = PBXFileReference; lastKnownFileType = sourcecode.c.objc; path = FBAppReducer.m; sourceTree = "<group>"; };
		51EE7717200FE2F00080D02B /* FBAPIParser+FBAuthService.h */ = {isa = PBXFileReference; lastKnownFileType = sourcecode.c.h; path = "FBAPIParser+FBAuthService.h"; sourceTree = "<group>"; };
		51EE7718200FE2F00080D02B /* FBAPIParser+FBAuthService.m */ = {isa = PBXFileReference; lastKnownFileType = sourcecode.c.objc; path = "FBAPIParser+FBAuthService.m"; sourceTree = "<group>"; };
		51EE771A200FE39A0080D02B /* FBAPIBuilder+FBAuthService.h */ = {isa = PBXFileReference; lastKnownFileType = sourcecode.c.h; path = "FBAPIBuilder+FBAuthService.h"; sourceTree = "<group>"; };
		51EE771B200FE39A0080D02B /* FBAPIBuilder+FBAuthService.m */ = {isa = PBXFileReference; lastKnownFileType = sourcecode.c.objc; path = "FBAPIBuilder+FBAuthService.m"; sourceTree = "<group>"; };
		51EE771D201001670080D02B /* FBSignInResult.h */ = {isa = PBXFileReference; lastKnownFileType = sourcecode.c.h; path = FBSignInResult.h; sourceTree = "<group>"; };
		51EE771E201001670080D02B /* FBSignInResult.m */ = {isa = PBXFileReference; lastKnownFileType = sourcecode.c.objc; path = FBSignInResult.m; sourceTree = "<group>"; };
		51F9078E20152400003B0A05 /* FBUpdateFilesAction.h */ = {isa = PBXFileReference; lastKnownFileType = sourcecode.c.h; path = FBUpdateFilesAction.h; sourceTree = "<group>"; };
		51F9078F20152400003B0A05 /* FBUpdateFilesAction.m */ = {isa = PBXFileReference; lastKnownFileType = sourcecode.c.objc; path = FBUpdateFilesAction.m; sourceTree = "<group>"; };
		51F90791201541D4003B0A05 /* FBUploadFileAction.h */ = {isa = PBXFileReference; lastKnownFileType = sourcecode.c.h; path = FBUploadFileAction.h; sourceTree = "<group>"; };
		51F90792201541D4003B0A05 /* FBUploadFileAction.m */ = {isa = PBXFileReference; lastKnownFileType = sourcecode.c.objc; path = FBUploadFileAction.m; sourceTree = "<group>"; };
		51F90795201547F9003B0A05 /* NSImage+JPEGRepresentation.h */ = {isa = PBXFileReference; lastKnownFileType = sourcecode.c.h; path = "NSImage+JPEGRepresentation.h"; sourceTree = "<group>"; };
		51F90796201547F9003B0A05 /* NSImage+JPEGRepresentation.m */ = {isa = PBXFileReference; lastKnownFileType = sourcecode.c.objc; path = "NSImage+JPEGRepresentation.m"; sourceTree = "<group>"; };
		51F907982015540E003B0A05 /* NSData+FBMultipart.h */ = {isa = PBXFileReference; lastKnownFileType = sourcecode.c.h; path = "NSData+FBMultipart.h"; sourceTree = "<group>"; };
		51F907992015540E003B0A05 /* NSData+FBMultipart.m */ = {isa = PBXFileReference; lastKnownFileType = sourcecode.c.objc; path = "NSData+FBMultipart.m"; sourceTree = "<group>"; };
		A385834FB6FC18E35534868F /* Pods_File_Browser.framework */ = {isa = PBXFileReference; explicitFileType = wrapper.framework; includeInIndex = 0; path = Pods_File_Browser.framework; sourceTree = BUILT_PRODUCTS_DIR; };
/* End PBXFileReference section */

/* Begin PBXFrameworksBuildPhase section */
		51EE76A8200F7EBF0080D02B /* Frameworks */ = {
			isa = PBXFrameworksBuildPhase;
			buildActionMask = 2147483647;
			files = (
				446D791EB1B340A7419C2729 /* Pods_File_Browser.framework in Frameworks */,
			);
			runOnlyForDeploymentPostprocessing = 0;
		};
/* End PBXFrameworksBuildPhase section */

/* Begin PBXGroup section */
		3AFBF41FB844F836C5834158 /* Frameworks */ = {
			isa = PBXGroup;
			children = (
				A385834FB6FC18E35534868F /* Pods_File_Browser.framework */,
			);
			name = Frameworks;
			sourceTree = "<group>";
		};
		3CC12D3E2BBCBDD5D11FC4EB /* Pods */ = {
			isa = PBXGroup;
			children = (
				002CDF48ED86BA5D30B78F2F /* Pods-File Browser.debug.xcconfig */,
				4D4569038E60564840542123 /* Pods-File Browser.release.xcconfig */,
			);
			name = Pods;
			sourceTree = "<group>";
		};
		5170E3C4201134D800023444 /* FileService */ = {
			isa = PBXGroup;
			children = (
				5170E3CF2011433200023444 /* FBAPIClient+FBFileService.h */,
				5170E3D02011433200023444 /* FBAPIClient+FBFileService.m */,
				5170E3C5201135F000023444 /* FBAPIBuilder+FBFileService.h */,
				5170E3C6201135F000023444 /* FBAPIBuilder+FBFileService.m */,
				5170E3C820113F4300023444 /* FBAPIParser+FBFileService.h */,
				5170E3C920113F4300023444 /* FBAPIParser+FBFileService.m */,
			);
			path = FileService;
			sourceTree = "<group>";
		};
		5170E3CB20113F6800023444 /* DTO */ = {
			isa = PBXGroup;
			children = (
				5170E3CC20113F7800023444 /* FBFile.h */,
				5170E3CD20113F7800023444 /* FBFile.m */,
			);
			path = DTO;
			sourceTree = "<group>";
		};
		5170E3D52011485200023444 /* Authorization */ = {
			isa = PBXGroup;
			children = (
				51EE76ED200F98B70080D02B /* FBSignInAction.h */,
				51EE76EE200F98B70080D02B /* FBSignInAction.m */,
				51EE76F6200FBCF70080D02B /* FBSignoutAction.h */,
				51EE76F7200FBCF70080D02B /* FBSignoutAction.m */,
				51EE771D201001670080D02B /* FBSignInResult.h */,
				51EE771E201001670080D02B /* FBSignInResult.m */,
			);
			path = Authorization;
			sourceTree = "<group>";
		};
		5170E3D62011486500023444 /* Files */ = {
			isa = PBXGroup;
			children = (
				5170E3D72011489100023444 /* FBFetchFilesAction.h */,
				5170E3D82011489100023444 /* FBFetchFilesAction.m */,
				51F9078E20152400003B0A05 /* FBUpdateFilesAction.h */,
				51F9078F20152400003B0A05 /* FBUpdateFilesAction.m */,
				51F90791201541D4003B0A05 /* FBUploadFileAction.h */,
				51F90792201541D4003B0A05 /* FBUploadFileAction.m */,
			);
			path = Files;
			sourceTree = "<group>";
		};
		5170E3E0201154E500023444 /* Core */ = {
			isa = PBXGroup;
			children = (
				51EE76DC200F88650080D02B /* States */,
				51EE76D8200F86240080D02B /* Middlewares */,
				51EE76E4200F927A0080D02B /* Reducers */,
				51EE76EB200F97830080D02B /* Services */,
				51EE76EC200F98000080D02B /* Actions */,
				5170E3CB20113F6800023444 /* DTO */,
				51EE76D4200F7FDE0080D02B /* Syntax shugar */,
				51EE76C4200F7FAB0080D02B /* Redux */,
			);
			path = Core;
			sourceTree = "<group>";
		};
		5170E3E12011551600023444 /* Presentation */ = {
			isa = PBXGroup;
			children = (
				51F90794201547CD003B0A05 /* Extensions */,
				5170E3E22011552B00023444 /* FBViewController.h */,
				5170E3E32011552B00023444 /* FBViewController.m */,
			);
			path = Presentation;
			sourceTree = "<group>";
		};
		51EE76A2200F7EBF0080D02B = {
			isa = PBXGroup;
			children = (
				51EE76AD200F7EBF0080D02B /* File Browser */,
				51EE76AC200F7EBF0080D02B /* Products */,
				3CC12D3E2BBCBDD5D11FC4EB /* Pods */,
				3AFBF41FB844F836C5834158 /* Frameworks */,
			);
			sourceTree = "<group>";
		};
		51EE76AC200F7EBF0080D02B /* Products */ = {
			isa = PBXGroup;
			children = (
				51EE76AB200F7EBF0080D02B /* File Browser.app */,
			);
			name = Products;
			sourceTree = "<group>";
		};
		51EE76AD200F7EBF0080D02B /* File Browser */ = {
			isa = PBXGroup;
			children = (
				5170E3E12011551600023444 /* Presentation */,
				51EE76C3200F7F300080D02B /* Application */,
				51EE76C2200F7F080080D02B /* Resources */,
				51EE76D7200F84000080D02B /* Support Files */,
				5170E3E0201154E500023444 /* Core */,
			);
			path = "File Browser";
			sourceTree = "<group>";
		};
		51EE76C2200F7F080080D02B /* Resources */ = {
			isa = PBXGroup;
			children = (
				51EE76B4200F7EBF0080D02B /* Assets.xcassets */,
				51EE76B6200F7EBF0080D02B /* Main.storyboard */,
			);
			path = Resources;
			sourceTree = "<group>";
		};
		51EE76C3200F7F300080D02B /* Application */ = {
			isa = PBXGroup;
			children = (
				51EE76AE200F7EBF0080D02B /* AppDelegate.h */,
				51EE76AF200F7EBF0080D02B /* AppDelegate.m */,
			);
			path = Application;
			sourceTree = "<group>";
		};
		51EE76C4200F7FAB0080D02B /* Redux */ = {
			isa = PBXGroup;
			children = (
				51EE76CB200F7FCF0080D02B /* Redux.h */,
				51EE76D6200F81E20080D02B /* Macros.h */,
				51EE76C8200F7FCE0080D02B /* RxAction.h */,
				51EE76C6200F7FCE0080D02B /* RxMiddleware.h */,
				51EE76CC200F7FCF0080D02B /* RxReducer.h */,
				51EE76C7200F7FCE0080D02B /* RxState.h */,
				51EE76CD200F7FCF0080D02B /* RxStore.h */,
				51EE76CE200F7FCF0080D02B /* RxStore.m */,
				51EE76CF200F7FCF0080D02B /* RxSubscriber.h */,
			);
			path = Redux;
			sourceTree = "<group>";
		};
		51EE76D4200F7FDE0080D02B /* Syntax shugar */ = {
			isa = PBXGroup;
			children = (
				51EE76E0200F89190080D02B /* FBSyntaxShugar.h */,
				51EE7701200FCF260080D02B /* NSArray+Redux.h */,
				51EE7702200FCF260080D02B /* NSArray+Redux.m */,
				51EE76E8200F93970080D02B /* NSObject+Cast.h */,
				51EE76E9200F93970080D02B /* NSObject+Cast.m */,
			);
			path = "Syntax shugar";
			sourceTree = "<group>";
		};
		51EE76D7200F84000080D02B /* Support Files */ = {
			isa = PBXGroup;
			children = (
				51EE76B9200F7EBF0080D02B /* Info.plist */,
				51EE76BC200F7EBF0080D02B /* File_Browser.entitlements */,
				51EE76D5200F808B0080D02B /* FileBrowser.pch */,
				51EE76BA200F7EBF0080D02B /* main.m */,
			);
			path = "Support Files";
			sourceTree = "<group>";
		};
		51EE76D8200F86240080D02B /* Middlewares */ = {
			isa = PBXGroup;
			children = (
				51EE76D9200F869E0080D02B /* FBLogger.h */,
				51EE76DA200F869E0080D02B /* FBLogger.m */,
				5170E3D22011452C00023444 /* FBPrefetchFilesMiddleware.h */,
				5170E3D32011452C00023444 /* FBPrefetchFilesMiddleware.m */,
			);
			path = Middlewares;
			sourceTree = "<group>";
		};
		51EE76DC200F88650080D02B /* States */ = {
			isa = PBXGroup;
			children = (
				51EE76E1200F89910080D02B /* FBAppState.h */,
				51EE76E2200F89910080D02B /* FBAppState.m */,
				51EE76DD200F888A0080D02B /* FBAuthorizationState.h */,
				51EE76DE200F888A0080D02B /* FBAuthorizationState.m */,
				5170E3DA20114B7D00023444 /* FBFilesState.h */,
				5170E3DB20114B7D00023444 /* FBFilesState.m */,
			);
			path = States;
			sourceTree = "<group>";
		};
		51EE76E4200F927A0080D02B /* Reducers */ = {
			isa = PBXGroup;
			children = (
				51EE7714200FDBD00080D02B /* FBAppReducer.h */,
				51EE7715200FDBD00080D02B /* FBAppReducer.m */,
				51EE76E5200F93080080D02B /* FBAuthorizationReducer.h */,
				51EE76E6200F93080080D02B /* FBAuthorizationReducer.m */,
				5170E3E520115A7900023444 /* FBFileReducer.h */,
				5170E3E620115A7900023444 /* FBFileReducer.m */,
			);
			path = Reducers;
			sourceTree = "<group>";
		};
		51EE76EB200F97830080D02B /* Services */ = {
			isa = PBXGroup;
			children = (
				51EE7707200FD06B0080D02B /* APIClient */,
			);
			path = Services;
			sourceTree = "<group>";
		};
		51EE76EC200F98000080D02B /* Actions */ = {
			isa = PBXGroup;
			children = (
				5170E3D52011485200023444 /* Authorization */,
				5170E3D62011486500023444 /* Files */,
			);
			path = Actions;
			sourceTree = "<group>";
		};
		51EE7707200FD06B0080D02B /* APIClient */ = {
			isa = PBXGroup;
			children = (
				51EE7713200FD3840080D02B /* Generic */,
				5170E3C4201134D800023444 /* FileService */,
				51EE770E200FD3000080D02B /* AuthService */,
			);
			path = APIClient;
			sourceTree = "<group>";
		};
		51EE770E200FD3000080D02B /* AuthService */ = {
			isa = PBXGroup;
			children = (
				51EE770F200FD32C0080D02B /* FBAPIClient+FBAuthService.h */,
				51EE7710200FD32C0080D02B /* FBAPIClient+FBAuthService.m */,
				51EE7717200FE2F00080D02B /* FBAPIParser+FBAuthService.h */,
				51EE7718200FE2F00080D02B /* FBAPIParser+FBAuthService.m */,
				51EE771A200FE39A0080D02B /* FBAPIBuilder+FBAuthService.h */,
				51EE771B200FE39A0080D02B /* FBAPIBuilder+FBAuthService.m */,
			);
			path = AuthService;
			sourceTree = "<group>";
		};
		51EE7713200FD3840080D02B /* Generic */ = {
			isa = PBXGroup;
			children = (
				51EE76F9200FBDBC0080D02B /* FBAPIClient.h */,
				51EE76FA200FBDBC0080D02B /* FBAPIClient.m */,
				51EE7708200FD0CB0080D02B /* FBAPIBuilder.h */,
				51EE7709200FD0CB0080D02B /* FBAPIBuilder.m */,
				51EE770B200FD1D10080D02B /* FBAPIParser.h */,
				51EE770C200FD1D10080D02B /* FBAPIParser.m */,
				51EE76FE200FCC950080D02B /* FBAPICliendResult.h */,
				51EE76FF200FCC950080D02B /* FBAPICliendResult.m */,
				51EE7704200FD04E0080D02B /* NSError+FBAPIClient.h */,
				51EE7705200FD04E0080D02B /* NSError+FBAPIClient.m */,
				51F907982015540E003B0A05 /* NSData+FBMultipart.h */,
				51F907992015540E003B0A05 /* NSData+FBMultipart.m */,
			);
			path = Generic;
			sourceTree = "<group>";
		};
		51F90794201547CD003B0A05 /* Extensions */ = {
			isa = PBXGroup;
			children = (
				51F90795201547F9003B0A05 /* NSImage+JPEGRepresentation.h */,
				51F90796201547F9003B0A05 /* NSImage+JPEGRepresentation.m */,
			);
			path = Extensions;
			sourceTree = "<group>";
		};
/* End PBXGroup section */

/* Begin PBXNativeTarget section */
		51EE76AA200F7EBF0080D02B /* File Browser */ = {
			isa = PBXNativeTarget;
			buildConfigurationList = 51EE76BF200F7EBF0080D02B /* Build configuration list for PBXNativeTarget "File Browser" */;
			buildPhases = (
				6DE04DD163BDFEE844FC982C /* [CP] Check Pods Manifest.lock */,
				51EE76A7200F7EBF0080D02B /* Sources */,
				51EE76A8200F7EBF0080D02B /* Frameworks */,
				51EE76A9200F7EBF0080D02B /* Resources */,
				3CEF3EB75EE184A6F75CE3C7 /* [CP] Embed Pods Frameworks */,
				74F44FAAECF81961A8AFD465 /* [CP] Copy Pods Resources */,
			);
			buildRules = (
			);
			dependencies = (
			);
			name = "File Browser";
			productName = "File Browser";
			productReference = 51EE76AB200F7EBF0080D02B /* File Browser.app */;
			productType = "com.apple.product-type.application";
		};
/* End PBXNativeTarget section */

/* Begin PBXProject section */
		51EE76A3200F7EBF0080D02B /* Project object */ = {
			isa = PBXProject;
			attributes = {
				CLASSPREFIX = FB;
				LastUpgradeCheck = 0920;
				ORGANIZATIONNAME = "Danil Lisovoy";
				TargetAttributes = {
					51EE76AA200F7EBF0080D02B = {
						CreatedOnToolsVersion = 9.2;
						ProvisioningStyle = Automatic;
					};
				};
			};
			buildConfigurationList = 51EE76A6200F7EBF0080D02B /* Build configuration list for PBXProject "File Browser" */;
			compatibilityVersion = "Xcode 8.0";
			developmentRegion = en;
			hasScannedForEncodings = 0;
			knownRegions = (
				en,
				Base,
			);
			mainGroup = 51EE76A2200F7EBF0080D02B;
			productRefGroup = 51EE76AC200F7EBF0080D02B /* Products */;
			projectDirPath = "";
			projectRoot = "";
			targets = (
				51EE76AA200F7EBF0080D02B /* File Browser */,
			);
		};
/* End PBXProject section */

/* Begin PBXResourcesBuildPhase section */
		51EE76A9200F7EBF0080D02B /* Resources */ = {
			isa = PBXResourcesBuildPhase;
			buildActionMask = 2147483647;
			files = (
				51EE76B5200F7EBF0080D02B /* Assets.xcassets in Resources */,
				51EE76B8200F7EBF0080D02B /* Main.storyboard in Resources */,
			);
			runOnlyForDeploymentPostprocessing = 0;
		};
/* End PBXResourcesBuildPhase section */

/* Begin PBXShellScriptBuildPhase section */
		3CEF3EB75EE184A6F75CE3C7 /* [CP] Embed Pods Frameworks */ = {
			isa = PBXShellScriptBuildPhase;
			buildActionMask = 2147483647;
			files = (
			);
			inputPaths = (
			);
			name = "[CP] Embed Pods Frameworks";
			outputPaths = (
			);
			runOnlyForDeploymentPostprocessing = 0;
			shellPath = /bin/sh;
			shellScript = "\"${SRCROOT}/Pods/Target Support Files/Pods-File Browser/Pods-File Browser-frameworks.sh\"\n";
			showEnvVarsInLog = 0;
		};
		6DE04DD163BDFEE844FC982C /* [CP] Check Pods Manifest.lock */ = {
			isa = PBXShellScriptBuildPhase;
			buildActionMask = 2147483647;
			files = (
			);
			inputPaths = (
			);
			name = "[CP] Check Pods Manifest.lock";
			outputPaths = (
			);
			runOnlyForDeploymentPostprocessing = 0;
			shellPath = /bin/sh;
			shellScript = "diff \"${PODS_ROOT}/../Podfile.lock\" \"${PODS_ROOT}/Manifest.lock\" > /dev/null\nif [ $? != 0 ] ; then\n    # print error to STDERR\n    echo \"error: The sandbox is not in sync with the Podfile.lock. Run 'pod install' or update your CocoaPods installation.\" >&2\n    exit 1\nfi\n";
			showEnvVarsInLog = 0;
		};
		74F44FAAECF81961A8AFD465 /* [CP] Copy Pods Resources */ = {
			isa = PBXShellScriptBuildPhase;
			buildActionMask = 2147483647;
			files = (
			);
			inputPaths = (
			);
			name = "[CP] Copy Pods Resources";
			outputPaths = (
			);
			runOnlyForDeploymentPostprocessing = 0;
			shellPath = /bin/sh;
			shellScript = "\"${SRCROOT}/Pods/Target Support Files/Pods-File Browser/Pods-File Browser-resources.sh\"\n";
			showEnvVarsInLog = 0;
		};
/* End PBXShellScriptBuildPhase section */

/* Begin PBXSourcesBuildPhase section */
		51EE76A7200F7EBF0080D02B /* Sources */ = {
			isa = PBXSourcesBuildPhase;
			buildActionMask = 2147483647;
			files = (
				51EE7716200FDBD00080D02B /* FBAppReducer.m in Sources */,
				5170E3D12011433200023444 /* FBAPIClient+FBFileService.m in Sources */,
				51EE76BB200F7EBF0080D02B /* main.m in Sources */,
				51EE76E7200F93080080D02B /* FBAuthorizationReducer.m in Sources */,
				5170E3CE20113F7800023444 /* FBFile.m in Sources */,
				51EE76EA200F93970080D02B /* NSObject+Cast.m in Sources */,
				51EE76E3200F89910080D02B /* FBAppState.m in Sources */,
				5170E3CA20113F4300023444 /* FBAPIParser+FBFileService.m in Sources */,
				51EE770A200FD0CB0080D02B /* FBAPIBuilder.m in Sources */,
				51EE76DF200F888A0080D02B /* FBAuthorizationState.m in Sources */,
				51EE76D3200F7FCF0080D02B /* RxStore.m in Sources */,
				5170E3C7201135F000023444 /* FBAPIBuilder+FBFileService.m in Sources */,
				51EE770D200FD1D10080D02B /* FBAPIParser.m in Sources */,
				5170E3E42011552B00023444 /* FBViewController.m in Sources */,
				5170E3DC20114B7D00023444 /* FBFilesState.m in Sources */,
				51F9079A2015540E003B0A05 /* NSData+FBMultipart.m in Sources */,
				51EE7700200FCC950080D02B /* FBAPICliendResult.m in Sources */,
				51F9079020152400003B0A05 /* FBUpdateFilesAction.m in Sources */,
				51EE7706200FD04E0080D02B /* NSError+FBAPIClient.m in Sources */,
				51EE76B0200F7EBF0080D02B /* AppDelegate.m in Sources */,
				51EE76FB200FBDBC0080D02B /* FBAPIClient.m in Sources */,
				5170E3D42011452C00023444 /* FBPrefetchFilesMiddleware.m in Sources */,
				51EE771F201001670080D02B /* FBSignInResult.m in Sources */,
				5170E3D92011489100023444 /* FBFetchFilesAction.m in Sources */,
				51EE7719200FE2F00080D02B /* FBAPIParser+FBAuthService.m in Sources */,
				51F90797201547F9003B0A05 /* NSImage+JPEGRepresentation.m in Sources */,
				51EE771C200FE39A0080D02B /* FBAPIBuilder+FBAuthService.m in Sources */,
				51EE76EF200F98B70080D02B /* FBSignInAction.m in Sources */,
				51F90793201541D4003B0A05 /* FBUploadFileAction.m in Sources */,
				51EE7711200FD32C0080D02B /* FBAPIClient+FBAuthService.m in Sources */,
				51EE76DB200F869E0080D02B /* FBLogger.m in Sources */,
				51EE7703200FCF270080D02B /* NSArray+Redux.m in Sources */,
				5170E3E720115A7900023444 /* FBFileReducer.m in Sources */,
				51EE76F8200FBCF70080D02B /* FBSignoutAction.m in Sources */,
			);
			runOnlyForDeploymentPostprocessing = 0;
		};
/* End PBXSourcesBuildPhase section */

/* Begin PBXVariantGroup section */
		51EE76B6200F7EBF0080D02B /* Main.storyboard */ = {
			isa = PBXVariantGroup;
			children = (
				51EE76B7200F7EBF0080D02B /* Base */,
			);
			name = Main.storyboard;
			sourceTree = "<group>";
		};
/* End PBXVariantGroup section */

/* Begin XCBuildConfiguration section */
		51EE76BD200F7EBF0080D02B /* Debug */ = {
			isa = XCBuildConfiguration;
			buildSettings = {
				ALWAYS_SEARCH_USER_PATHS = NO;
				CLANG_ANALYZER_NONNULL = YES;
				CLANG_ANALYZER_NUMBER_OBJECT_CONVERSION = YES_AGGRESSIVE;
				CLANG_CXX_LANGUAGE_STANDARD = "gnu++14";
				CLANG_CXX_LIBRARY = "libc++";
				CLANG_ENABLE_MODULES = YES;
				CLANG_ENABLE_OBJC_ARC = YES;
				CLANG_WARN_BLOCK_CAPTURE_AUTORELEASING = YES;
				CLANG_WARN_BOOL_CONVERSION = YES;
				CLANG_WARN_COMMA = YES;
				CLANG_WARN_CONSTANT_CONVERSION = YES;
				CLANG_WARN_DIRECT_OBJC_ISA_USAGE = YES_ERROR;
				CLANG_WARN_DOCUMENTATION_COMMENTS = YES;
				CLANG_WARN_EMPTY_BODY = YES;
				CLANG_WARN_ENUM_CONVERSION = YES;
				CLANG_WARN_INFINITE_RECURSION = YES;
				CLANG_WARN_INT_CONVERSION = YES;
				CLANG_WARN_NON_LITERAL_NULL_CONVERSION = YES;
				CLANG_WARN_OBJC_LITERAL_CONVERSION = YES;
				CLANG_WARN_OBJC_ROOT_CLASS = YES_ERROR;
				CLANG_WARN_RANGE_LOOP_ANALYSIS = YES;
				CLANG_WARN_STRICT_PROTOTYPES = YES;
				CLANG_WARN_SUSPICIOUS_MOVE = YES;
				CLANG_WARN_UNGUARDED_AVAILABILITY = YES_AGGRESSIVE;
				CLANG_WARN_UNREACHABLE_CODE = YES;
				CLANG_WARN__DUPLICATE_METHOD_MATCH = YES;
				CODE_SIGN_IDENTITY = "Mac Developer";
				COPY_PHASE_STRIP = NO;
				DEBUG_INFORMATION_FORMAT = dwarf;
				ENABLE_STRICT_OBJC_MSGSEND = YES;
				ENABLE_TESTABILITY = YES;
				GCC_C_LANGUAGE_STANDARD = gnu11;
				GCC_DYNAMIC_NO_PIC = NO;
				GCC_NO_COMMON_BLOCKS = YES;
				GCC_OPTIMIZATION_LEVEL = 0;
				GCC_PREPROCESSOR_DEFINITIONS = (
					"DEBUG=1",
					"$(inherited)",
				);
				GCC_WARN_64_TO_32_BIT_CONVERSION = YES;
				GCC_WARN_ABOUT_RETURN_TYPE = YES_ERROR;
				GCC_WARN_UNDECLARED_SELECTOR = YES;
				GCC_WARN_UNINITIALIZED_AUTOS = YES_AGGRESSIVE;
				GCC_WARN_UNUSED_FUNCTION = YES;
				GCC_WARN_UNUSED_VARIABLE = YES;
				MACOSX_DEPLOYMENT_TARGET = 10.13;
				MTL_ENABLE_DEBUG_INFO = YES;
				ONLY_ACTIVE_ARCH = YES;
				SDKROOT = macosx;
			};
			name = Debug;
		};
		51EE76BE200F7EBF0080D02B /* Release */ = {
			isa = XCBuildConfiguration;
			buildSettings = {
				ALWAYS_SEARCH_USER_PATHS = NO;
				CLANG_ANALYZER_NONNULL = YES;
				CLANG_ANALYZER_NUMBER_OBJECT_CONVERSION = YES_AGGRESSIVE;
				CLANG_CXX_LANGUAGE_STANDARD = "gnu++14";
				CLANG_CXX_LIBRARY = "libc++";
				CLANG_ENABLE_MODULES = YES;
				CLANG_ENABLE_OBJC_ARC = YES;
				CLANG_WARN_BLOCK_CAPTURE_AUTORELEASING = YES;
				CLANG_WARN_BOOL_CONVERSION = YES;
				CLANG_WARN_COMMA = YES;
				CLANG_WARN_CONSTANT_CONVERSION = YES;
				CLANG_WARN_DIRECT_OBJC_ISA_USAGE = YES_ERROR;
				CLANG_WARN_DOCUMENTATION_COMMENTS = YES;
				CLANG_WARN_EMPTY_BODY = YES;
				CLANG_WARN_ENUM_CONVERSION = YES;
				CLANG_WARN_INFINITE_RECURSION = YES;
				CLANG_WARN_INT_CONVERSION = YES;
				CLANG_WARN_NON_LITERAL_NULL_CONVERSION = YES;
				CLANG_WARN_OBJC_LITERAL_CONVERSION = YES;
				CLANG_WARN_OBJC_ROOT_CLASS = YES_ERROR;
				CLANG_WARN_RANGE_LOOP_ANALYSIS = YES;
				CLANG_WARN_STRICT_PROTOTYPES = YES;
				CLANG_WARN_SUSPICIOUS_MOVE = YES;
				CLANG_WARN_UNGUARDED_AVAILABILITY = YES_AGGRESSIVE;
				CLANG_WARN_UNREACHABLE_CODE = YES;
				CLANG_WARN__DUPLICATE_METHOD_MATCH = YES;
				CODE_SIGN_IDENTITY = "Mac Developer";
				COPY_PHASE_STRIP = NO;
				DEBUG_INFORMATION_FORMAT = "dwarf-with-dsym";
				ENABLE_NS_ASSERTIONS = NO;
				ENABLE_STRICT_OBJC_MSGSEND = YES;
				GCC_C_LANGUAGE_STANDARD = gnu11;
				GCC_NO_COMMON_BLOCKS = YES;
				GCC_WARN_64_TO_32_BIT_CONVERSION = YES;
				GCC_WARN_ABOUT_RETURN_TYPE = YES_ERROR;
				GCC_WARN_UNDECLARED_SELECTOR = YES;
				GCC_WARN_UNINITIALIZED_AUTOS = YES_AGGRESSIVE;
				GCC_WARN_UNUSED_FUNCTION = YES;
				GCC_WARN_UNUSED_VARIABLE = YES;
				MACOSX_DEPLOYMENT_TARGET = 10.13;
				MTL_ENABLE_DEBUG_INFO = NO;
				SDKROOT = macosx;
			};
			name = Release;
		};
		51EE76C0200F7EBF0080D02B /* Debug */ = {
			isa = XCBuildConfiguration;
			baseConfigurationReference = 002CDF48ED86BA5D30B78F2F /* Pods-File Browser.debug.xcconfig */;
			buildSettings = {
				ASSETCATALOG_COMPILER_APPICON_NAME = AppIcon;
				CODE_SIGN_ENTITLEMENTS = "File Browser/Support FIles/File_Browser.entitlements";
				CODE_SIGN_STYLE = Automatic;
				COMBINE_HIDPI_IMAGES = YES;
				DEVELOPMENT_TEAM = 662KN2BST6;
				GCC_PREFIX_HEADER = "File Browser/Support Files/FileBrowser.pch";
				INFOPLIST_FILE = "$(SRCROOT)/File Browser/Support Files/Info.plist";
				LD_RUNPATH_SEARCH_PATHS = "$(inherited) @executable_path/../Frameworks";
				PRODUCT_BUNDLE_IDENTIFIER = "com.daniel-lisovoy.File-Browser";
				PRODUCT_NAME = "$(TARGET_NAME)";
			};
			name = Debug;
		};
		51EE76C1200F7EBF0080D02B /* Release */ = {
			isa = XCBuildConfiguration;
			baseConfigurationReference = 4D4569038E60564840542123 /* Pods-File Browser.release.xcconfig */;
			buildSettings = {
				ASSETCATALOG_COMPILER_APPICON_NAME = AppIcon;
				CODE_SIGN_ENTITLEMENTS = "File Browser/Support FIles/File_Browser.entitlements";
				CODE_SIGN_STYLE = Automatic;
				COMBINE_HIDPI_IMAGES = YES;
				DEVELOPMENT_TEAM = 662KN2BST6;
				GCC_PREFIX_HEADER = "File Browser/Support Files/FileBrowser.pch";
				INFOPLIST_FILE = "$(SRCROOT)/File Browser/Support Files/Info.plist";
				LD_RUNPATH_SEARCH_PATHS = "$(inherited) @executable_path/../Frameworks";
				PRODUCT_BUNDLE_IDENTIFIER = "com.daniel-lisovoy.File-Browser";
				PRODUCT_NAME = "$(TARGET_NAME)";
			};
			name = Release;
		};
/* End XCBuildConfiguration section */

/* Begin XCConfigurationList section */
		51EE76A6200F7EBF0080D02B /* Build configuration list for PBXProject "File Browser" */ = {
			isa = XCConfigurationList;
			buildConfigurations = (
				51EE76BD200F7EBF0080D02B /* Debug */,
				51EE76BE200F7EBF0080D02B /* Release */,
			);
			defaultConfigurationIsVisible = 0;
			defaultConfigurationName = Release;
		};
		51EE76BF200F7EBF0080D02B /* Build configuration list for PBXNativeTarget "File Browser" */ = {
			isa = XCConfigurationList;
			buildConfigurations = (
				51EE76C0200F7EBF0080D02B /* Debug */,
				51EE76C1200F7EBF0080D02B /* Release */,
			);
			defaultConfigurationIsVisible = 0;
			defaultConfigurationName = Release;
		};
/* End XCConfigurationList section */
	};
	rootObject = 51EE76A3200F7EBF0080D02B /* Project object */;
}
